// !$*UTF8*$!
{
	archiveVersion = 1;
	classes = {
	};
	objectVersion = 50;
	objects = {

/* Begin PBXBuildFile section */
		5C74A82625BFCF38000AB29C /* SettingsViewController.swift in Sources */ = {isa = PBXBuildFile; fileRef = 5C74A82525BFCF38000AB29C /* SettingsViewController.swift */; };
		5CEFF44225BD288E0013178C /* AppDelegate.swift in Sources */ = {isa = PBXBuildFile; fileRef = 5CEFF44125BD288E0013178C /* AppDelegate.swift */; };
		5CEFF44425BD288E0013178C /* SceneDelegate.swift in Sources */ = {isa = PBXBuildFile; fileRef = 5CEFF44325BD288E0013178C /* SceneDelegate.swift */; };
		5CEFF44625BD288E0013178C /* ViewController.swift in Sources */ = {isa = PBXBuildFile; fileRef = 5CEFF44525BD288E0013178C /* ViewController.swift */; };
		5CEFF44925BD288E0013178C /* Main.storyboard in Resources */ = {isa = PBXBuildFile; fileRef = 5CEFF44725BD288E0013178C /* Main.storyboard */; };
		5CEFF44B25BD28950013178C /* Assets.xcassets in Resources */ = {isa = PBXBuildFile; fileRef = 5CEFF44A25BD28950013178C /* Assets.xcassets */; };
		5CEFF44E25BD28950013178C /* LaunchScreen.storyboard in Resources */ = {isa = PBXBuildFile; fileRef = 5CEFF44C25BD28950013178C /* LaunchScreen.storyboard */; };
		5CEFF45925BD28960013178C /* PreworkTests.swift in Sources */ = {isa = PBXBuildFile; fileRef = 5CEFF45825BD28960013178C /* PreworkTests.swift */; };
		5CEFF46425BD28960013178C /* PreworkUITests.swift in Sources */ = {isa = PBXBuildFile; fileRef = 5CEFF46325BD28960013178C /* PreworkUITests.swift */; };
/* End PBXBuildFile section */

/* Begin PBXContainerItemProxy section */
		5CEFF45525BD28960013178C /* PBXContainerItemProxy */ = {
			isa = PBXContainerItemProxy;
			containerPortal = 5CEFF43625BD288E0013178C /* Project object */;
			proxyType = 1;
			remoteGlobalIDString = 5CEFF43D25BD288E0013178C;
			remoteInfo = Prework;
		};
		5CEFF46025BD28960013178C /* PBXContainerItemProxy */ = {
			isa = PBXContainerItemProxy;
			containerPortal = 5CEFF43625BD288E0013178C /* Project object */;
			proxyType = 1;
			remoteGlobalIDString = 5CEFF43D25BD288E0013178C;
			remoteInfo = Prework;
		};
/* End PBXContainerItemProxy section */

/* Begin PBXFileReference section */
		5C74A82525BFCF38000AB29C /* SettingsViewController.swift */ = {isa = PBXFileReference; lastKnownFileType = sourcecode.swift; path = SettingsViewController.swift; sourceTree = "<group>"; };
		5CEFF43E25BD288E0013178C /* Prework.app */ = {isa = PBXFileReference; explicitFileType = wrapper.application; includeInIndex = 0; path = Prework.app; sourceTree = BUILT_PRODUCTS_DIR; };
		5CEFF44125BD288E0013178C /* AppDelegate.swift */ = {isa = PBXFileReference; lastKnownFileType = sourcecode.swift; path = AppDelegate.swift; sourceTree = "<group>"; };
		5CEFF44325BD288E0013178C /* SceneDelegate.swift */ = {isa = PBXFileReference; lastKnownFileType = sourcecode.swift; path = SceneDelegate.swift; sourceTree = "<group>"; };
		5CEFF44525BD288E0013178C /* ViewController.swift */ = {isa = PBXFileReference; lastKnownFileType = sourcecode.swift; path = ViewController.swift; sourceTree = "<group>"; };
		5CEFF44825BD288E0013178C /* Base */ = {isa = PBXFileReference; lastKnownFileType = file.storyboard; name = Base; path = Base.lproj/Main.storyboard; sourceTree = "<group>"; };
		5CEFF44A25BD28950013178C /* Assets.xcassets */ = {isa = PBXFileReference; lastKnownFileType = folder.assetcatalog; path = Assets.xcassets; sourceTree = "<group>"; };
		5CEFF44D25BD28950013178C /* Base */ = {isa = PBXFileReference; lastKnownFileType = file.storyboard; name = Base; path = Base.lproj/LaunchScreen.storyboard; sourceTree = "<group>"; };
		5CEFF44F25BD28950013178C /* Info.plist */ = {isa = PBXFileReference; lastKnownFileType = text.plist.xml; path = Info.plist; sourceTree = "<group>"; };
		5CEFF45425BD28960013178C /* PreworkTests.xctest */ = {isa = PBXFileReference; explicitFileType = wrapper.cfbundle; includeInIndex = 0; path = PreworkTests.xctest; sourceTree = BUILT_PRODUCTS_DIR; };
		5CEFF45825BD28960013178C /* PreworkTests.swift */ = {isa = PBXFileReference; lastKnownFileType = sourcecode.swift; path = PreworkTests.swift; sourceTree = "<group>"; };
		5CEFF45A25BD28960013178C /* Info.plist */ = {isa = PBXFileReference; lastKnownFileType = text.plist.xml; path = Info.plist; sourceTree = "<group>"; };
		5CEFF45F25BD28960013178C /* PreworkUITests.xctest */ = {isa = PBXFileReference; explicitFileType = wrapper.cfbundle; includeInIndex = 0; path = PreworkUITests.xctest; sourceTree = BUILT_PRODUCTS_DIR; };
		5CEFF46325BD28960013178C /* PreworkUITests.swift */ = {isa = PBXFileReference; lastKnownFileType = sourcecode.swift; path = PreworkUITests.swift; sourceTree = "<group>"; };
		5CEFF46525BD28960013178C /* Info.plist */ = {isa = PBXFileReference; lastKnownFileType = text.plist.xml; path = Info.plist; sourceTree = "<group>"; };
/* End PBXFileReference section */

/* Begin PBXFrameworksBuildPhase section */
		5CEFF43B25BD288E0013178C /* Frameworks */ = {
			isa = PBXFrameworksBuildPhase;
			buildActionMask = 2147483647;
			files = (
			);
			runOnlyForDeploymentPostprocessing = 0;
		};
		5CEFF45125BD28960013178C /* Frameworks */ = {
			isa = PBXFrameworksBuildPhase;
			buildActionMask = 2147483647;
			files = (
			);
			runOnlyForDeploymentPostprocessing = 0;
		};
		5CEFF45C25BD28960013178C /* Frameworks */ = {
			isa = PBXFrameworksBuildPhase;
			buildActionMask = 2147483647;
			files = (
			);
			runOnlyForDeploymentPostprocessing = 0;
		};
/* End PBXFrameworksBuildPhase section */

/* Begin PBXGroup section */
		5CEFF43525BD288E0013178C = {
			isa = PBXGroup;
			children = (
				5CEFF44025BD288E0013178C /* Prework */,
				5CEFF45725BD28960013178C /* PreworkTests */,
				5CEFF46225BD28960013178C /* PreworkUITests */,
				5CEFF43F25BD288E0013178C /* Products */,
			);
			sourceTree = "<group>";
		};
		5CEFF43F25BD288E0013178C /* Products */ = {
			isa = PBXGroup;
			children = (
				5CEFF43E25BD288E0013178C /* Prework.app */,
				5CEFF45425BD28960013178C /* PreworkTests.xctest */,
				5CEFF45F25BD28960013178C /* PreworkUITests.xctest */,
			);
			name = Products;
			sourceTree = "<group>";
		};
		5CEFF44025BD288E0013178C /* Prework */ = {
			isa = PBXGroup;
			children = (
				5CEFF44125BD288E0013178C /* AppDelegate.swift */,
				5CEFF44325BD288E0013178C /* SceneDelegate.swift */,
				5CEFF44525BD288E0013178C /* ViewController.swift */,
				5CEFF44725BD288E0013178C /* Main.storyboard */,
				5C74A82525BFCF38000AB29C /* SettingsViewController.swift */,
				5CEFF44A25BD28950013178C /* Assets.xcassets */,
				5CEFF44C25BD28950013178C /* LaunchScreen.storyboard */,
				5CEFF44F25BD28950013178C /* Info.plist */,
			);
			path = Prework;
			sourceTree = "<group>";
		};
		5CEFF45725BD28960013178C /* PreworkTests */ = {
			isa = PBXGroup;
			children = (
				5CEFF45825BD28960013178C /* PreworkTests.swift */,
				5CEFF45A25BD28960013178C /* Info.plist */,
			);
			path = PreworkTests;
			sourceTree = "<group>";
		};
		5CEFF46225BD28960013178C /* PreworkUITests */ = {
			isa = PBXGroup;
			children = (
				5CEFF46325BD28960013178C /* PreworkUITests.swift */,
				5CEFF46525BD28960013178C /* Info.plist */,
			);
			path = PreworkUITests;
			sourceTree = "<group>";
		};
/* End PBXGroup section */

/* Begin PBXNativeTarget section */
		5CEFF43D25BD288E0013178C /* Prework */ = {
			isa = PBXNativeTarget;
			buildConfigurationList = 5CEFF46825BD28960013178C /* Build configuration list for PBXNativeTarget "Prework" */;
			buildPhases = (
				5CEFF43A25BD288E0013178C /* Sources */,
				5CEFF43B25BD288E0013178C /* Frameworks */,
				5CEFF43C25BD288E0013178C /* Resources */,
			);
			buildRules = (
			);
			dependencies = (
			);
			name = Prework;
			productName = Prework;
			productReference = 5CEFF43E25BD288E0013178C /* Prework.app */;
			productType = "com.apple.product-type.application";
		};
		5CEFF45325BD28960013178C /* PreworkTests */ = {
			isa = PBXNativeTarget;
			buildConfigurationList = 5CEFF46B25BD28960013178C /* Build configuration list for PBXNativeTarget "PreworkTests" */;
			buildPhases = (
				5CEFF45025BD28960013178C /* Sources */,
				5CEFF45125BD28960013178C /* Frameworks */,
				5CEFF45225BD28960013178C /* Resources */,
			);
			buildRules = (
			);
			dependencies = (
				5CEFF45625BD28960013178C /* PBXTargetDependency */,
			);
			name = PreworkTests;
			productName = PreworkTests;
			productReference = 5CEFF45425BD28960013178C /* PreworkTests.xctest */;
			productType = "com.apple.product-type.bundle.unit-test";
		};
		5CEFF45E25BD28960013178C /* PreworkUITests */ = {
			isa = PBXNativeTarget;
			buildConfigurationList = 5CEFF46E25BD28960013178C /* Build configuration list for PBXNativeTarget "PreworkUITests" */;
			buildPhases = (
				5CEFF45B25BD28960013178C /* Sources */,
				5CEFF45C25BD28960013178C /* Frameworks */,
				5CEFF45D25BD28960013178C /* Resources */,
			);
			buildRules = (
			);
			dependencies = (
				5CEFF46125BD28960013178C /* PBXTargetDependency */,
			);
			name = PreworkUITests;
			productName = PreworkUITests;
			productReference = 5CEFF45F25BD28960013178C /* PreworkUITests.xctest */;
			productType = "com.apple.product-type.bundle.ui-testing";
		};
/* End PBXNativeTarget section */

/* Begin PBXProject section */
		5CEFF43625BD288E0013178C /* Project object */ = {
			isa = PBXProject;
			attributes = {
				LastSwiftUpdateCheck = 1230;
				LastUpgradeCheck = 1230;
				TargetAttributes = {
					5CEFF43D25BD288E0013178C = {
						CreatedOnToolsVersion = 12.3;
					};
					5CEFF45325BD28960013178C = {
						CreatedOnToolsVersion = 12.3;
						TestTargetID = 5CEFF43D25BD288E0013178C;
					};
					5CEFF45E25BD28960013178C = {
						CreatedOnToolsVersion = 12.3;
						TestTargetID = 5CEFF43D25BD288E0013178C;
					};
				};
			};
			buildConfigurationList = 5CEFF43925BD288E0013178C /* Build configuration list for PBXProject "Prework" */;
			compatibilityVersion = "Xcode 9.3";
			developmentRegion = en;
			hasScannedForEncodings = 0;
			knownRegions = (
				en,
				Base,
			);
			mainGroup = 5CEFF43525BD288E0013178C;
			productRefGroup = 5CEFF43F25BD288E0013178C /* Products */;
			projectDirPath = "";
			projectRoot = "";
			targets = (
				5CEFF43D25BD288E0013178C /* Prework */,
				5CEFF45325BD28960013178C /* PreworkTests */,
				5CEFF45E25BD28960013178C /* PreworkUITests */,
			);
		};
/* End PBXProject section */

/* Begin PBXResourcesBuildPhase section */
		5CEFF43C25BD288E0013178C /* Resources */ = {
			isa = PBXResourcesBuildPhase;
			buildActionMask = 2147483647;
			files = (
				5CEFF44E25BD28950013178C /* LaunchScreen.storyboard in Resources */,
				5CEFF44B25BD28950013178C /* Assets.xcassets in Resources */,
				5CEFF44925BD288E0013178C /* Main.storyboard in Resources */,
			);
			runOnlyForDeploymentPostprocessing = 0;
		};
		5CEFF45225BD28960013178C /* Resources */ = {
			isa = PBXResourcesBuildPhase;
			buildActionMask = 2147483647;
			files = (
			);
			runOnlyForDeploymentPostprocessing = 0;
		};
		5CEFF45D25BD28960013178C /* Resources */ = {
			isa = PBXResourcesBuildPhase;
			buildActionMask = 2147483647;
			files = (
			);
			runOnlyForDeploymentPostprocessing = 0;
		};
/* End PBXResourcesBuildPhase section */

/* Begin PBXSourcesBuildPhase section */
		5CEFF43A25BD288E0013178C /* Sources */ = {
			isa = PBXSourcesBuildPhase;
			buildActionMask = 2147483647;
			files = (
				5CEFF44625BD288E0013178C /* ViewController.swift in Sources */,
				5CEFF44225BD288E0013178C /* AppDelegate.swift in Sources */,
				5C74A82625BFCF38000AB29C /* SettingsViewController.swift in Sources */,
				5CEFF44425BD288E0013178C /* SceneDelegate.swift in Sources */,
			);
			runOnlyForDeploymentPostprocessing = 0;
		};
		5CEFF45025BD28960013178C /* Sources */ = {
			isa = PBXSourcesBuildPhase;
			buildActionMask = 2147483647;
			files = (
				5CEFF45925BD28960013178C /* PreworkTests.swift in Sources */,
			);
			runOnlyForDeploymentPostprocessing = 0;
		};
		5CEFF45B25BD28960013178C /* Sources */ = {
			isa = PBXSourcesBuildPhase;
			buildActionMask = 2147483647;
			files = (
				5CEFF46425BD28960013178C /* PreworkUITests.swift in Sources */,
			);
			runOnlyForDeploymentPostprocessing = 0;
		};
/* End PBXSourcesBuildPhase section */

/* Begin PBXTargetDependency section */
		5CEFF45625BD28960013178C /* PBXTargetDependency */ = {
			isa = PBXTargetDependency;
			target = 5CEFF43D25BD288E0013178C /* Prework */;
			targetProxy = 5CEFF45525BD28960013178C /* PBXContainerItemProxy */;
		};
		5CEFF46125BD28960013178C /* PBXTargetDependency */ = {
			isa = PBXTargetDependency;
			target = 5CEFF43D25BD288E0013178C /* Prework */;
			targetProxy = 5CEFF46025BD28960013178C /* PBXContainerItemProxy */;
		};
/* End PBXTargetDependency section */

/* Begin PBXVariantGroup section */
		5CEFF44725BD288E0013178C /* Main.storyboard */ = {
			isa = PBXVariantGroup;
			children = (
				5CEFF44825BD288E0013178C /* Base */,
			);
			name = Main.storyboard;
			sourceTree = "<group>";
		};
		5CEFF44C25BD28950013178C /* LaunchScreen.storyboard */ = {
			isa = PBXVariantGroup;
			children = (
				5CEFF44D25BD28950013178C /* Base */,
			);
			name = LaunchScreen.storyboard;
			sourceTree = "<group>";
		};
/* End PBXVariantGroup section */

/* Begin XCBuildConfiguration section */
		5CEFF46625BD28960013178C /* Debug */ = {
			isa = XCBuildConfiguration;
			buildSettings = {
				ALWAYS_SEARCH_USER_PATHS = NO;
				CLANG_ANALYZER_NONNULL = YES;
				CLANG_ANALYZER_NUMBER_OBJECT_CONVERSION = YES_AGGRESSIVE;
				CLANG_CXX_LANGUAGE_STANDARD = "gnu++14";
				CLANG_CXX_LIBRARY = "libc++";
				CLANG_ENABLE_MODULES = YES;
				CLANG_ENABLE_OBJC_ARC = YES;
				CLANG_ENABLE_OBJC_WEAK = YES;
				CLANG_WARN_BLOCK_CAPTURE_AUTORELEASING = YES;
				CLANG_WARN_BOOL_CONVERSION = YES;
				CLANG_WARN_COMMA = YES;
				CLANG_WARN_CONSTANT_CONVERSION = YES;
				CLANG_WARN_DEPRECATED_OBJC_IMPLEMENTATIONS = YES;
				CLANG_WARN_DIRECT_OBJC_ISA_USAGE = YES_ERROR;
				CLANG_WARN_DOCUMENTATION_COMMENTS = YES;
				CLANG_WARN_EMPTY_BODY = YES;
				CLANG_WARN_ENUM_CONVERSION = YES;
				CLANG_WARN_INFINITE_RECURSION = YES;
				CLANG_WARN_INT_CONVERSION = YES;
				CLANG_WARN_NON_LITERAL_NULL_CONVERSION = YES;
				CLANG_WARN_OBJC_IMPLICIT_RETAIN_SELF = YES;
				CLANG_WARN_OBJC_LITERAL_CONVERSION = YES;
				CLANG_WARN_OBJC_ROOT_CLASS = YES_ERROR;
				CLANG_WARN_QUOTED_INCLUDE_IN_FRAMEWORK_HEADER = YES;
				CLANG_WARN_RANGE_LOOP_ANALYSIS = YES;
				CLANG_WARN_STRICT_PROTOTYPES = YES;
				CLANG_WARN_SUSPICIOUS_MOVE = YES;
				CLANG_WARN_UNGUARDED_AVAILABILITY = YES_AGGRESSIVE;
				CLANG_WARN_UNREACHABLE_CODE = YES;
				CLANG_WARN__DUPLICATE_METHOD_MATCH = YES;
				COPY_PHASE_STRIP = NO;
				DEBUG_INFORMATION_FORMAT = dwarf;
				ENABLE_STRICT_OBJC_MSGSEND = YES;
				ENABLE_TESTABILITY = YES;
				GCC_C_LANGUAGE_STANDARD = gnu11;
				GCC_DYNAMIC_NO_PIC = NO;
				GCC_NO_COMMON_BLOCKS = YES;
				GCC_OPTIMIZATION_LEVEL = 0;
				GCC_PREPROCESSOR_DEFINITIONS = (
					"DEBUG=1",
					"$(inherited)",
				);
				GCC_WARN_64_TO_32_BIT_CONVERSION = YES;
				GCC_WARN_ABOUT_RETURN_TYPE = YES_ERROR;
				GCC_WARN_UNDECLARED_SELECTOR = YES;
				GCC_WARN_UNINITIALIZED_AUTOS = YES_AGGRESSIVE;
				GCC_WARN_UNUSED_FUNCTION = YES;
				GCC_WARN_UNUSED_VARIABLE = YES;
				IPHONEOS_DEPLOYMENT_TARGET = 14.3;
				MTL_ENABLE_DEBUG_INFO = INCLUDE_SOURCE;
				MTL_FAST_MATH = YES;
				ONLY_ACTIVE_ARCH = YES;
				SDKROOT = iphoneos;
				SWIFT_ACTIVE_COMPILATION_CONDITIONS = DEBUG;
				SWIFT_OPTIMIZATION_LEVEL = "-Onone";
			};
			name = Debug;
		};
		5CEFF46725BD28960013178C /* Release */ = {
			isa = XCBuildConfiguration;
			buildSettings = {
				ALWAYS_SEARCH_USER_PATHS = NO;
				CLANG_ANALYZER_NONNULL = YES;
				CLANG_ANALYZER_NUMBER_OBJECT_CONVERSION = YES_AGGRESSIVE;
				CLANG_CXX_LANGUAGE_STANDARD = "gnu++14";
				CLANG_CXX_LIBRARY = "libc++";
				CLANG_ENABLE_MODULES = YES;
				CLANG_ENABLE_OBJC_ARC = YES;
				CLANG_ENABLE_OBJC_WEAK = YES;
				CLANG_WARN_BLOCK_CAPTURE_AUTORELEASING = YES;
				CLANG_WARN_BOOL_CONVERSION = YES;
				CLANG_WARN_COMMA = YES;
				CLANG_WARN_CONSTANT_CONVERSION = YES;
				CLANG_WARN_DEPRECATED_OBJC_IMPLEMENTATIONS = YES;
				CLANG_WARN_DIRECT_OBJC_ISA_USAGE = YES_ERROR;
				CLANG_WARN_DOCUMENTATION_COMMENTS = YES;
				CLANG_WARN_EMPTY_BODY = YES;
				CLANG_WARN_ENUM_CONVERSION = YES;
				CLANG_WARN_INFINITE_RECURSION = YES;
				CLANG_WARN_INT_CONVERSION = YES;
				CLANG_WARN_NON_LITERAL_NULL_CONVERSION = YES;
				CLANG_WARN_OBJC_IMPLICIT_RETAIN_SELF = YES;
				CLANG_WARN_OBJC_LITERAL_CONVERSION = YES;
				CLANG_WARN_OBJC_ROOT_CLASS = YES_ERROR;
				CLANG_WARN_QUOTED_INCLUDE_IN_FRAMEWORK_HEADER = YES;
				CLANG_WARN_RANGE_LOOP_ANALYSIS = YES;
				CLANG_WARN_STRICT_PROTOTYPES = YES;
				CLANG_WARN_SUSPICIOUS_MOVE = YES;
				CLANG_WARN_UNGUARDED_AVAILABILITY = YES_AGGRESSIVE;
				CLANG_WARN_UNREACHABLE_CODE = YES;
				CLANG_WARN__DUPLICATE_METHOD_MATCH = YES;
				COPY_PHASE_STRIP = NO;
				DEBUG_INFORMATION_FORMAT = "dwarf-with-dsym";
				ENABLE_NS_ASSERTIONS = NO;
				ENABLE_STRICT_OBJC_MSGSEND = YES;
				GCC_C_LANGUAGE_STANDARD = gnu11;
				GCC_NO_COMMON_BLOCKS = YES;
				GCC_WARN_64_TO_32_BIT_CONVERSION = YES;
				GCC_WARN_ABOUT_RETURN_TYPE = YES_ERROR;
				GCC_WARN_UNDECLARED_SELECTOR = YES;
				GCC_WARN_UNINITIALIZED_AUTOS = YES_AGGRESSIVE;
				GCC_WARN_UNUSED_FUNCTION = YES;
				GCC_WARN_UNUSED_VARIABLE = YES;
				IPHONEOS_DEPLOYMENT_TARGET = 14.3;
				MTL_ENABLE_DEBUG_INFO = NO;
				MTL_FAST_MATH = YES;
				SDKROOT = iphoneos;
				SWIFT_COMPILATION_MODE = wholemodule;
				SWIFT_OPTIMIZATION_LEVEL = "-O";
				VALIDATE_PRODUCT = YES;
			};
			name = Release;
		};
		5CEFF46925BD28960013178C /* Debug */ = {
			isa = XCBuildConfiguration;
			buildSettings = {
				ASSETCATALOG_COMPILER_APPICON_NAME = AppIcon;
				ASSETCATALOG_COMPILER_GLOBAL_ACCENT_COLOR_NAME = AccentColor;
				CODE_SIGN_STYLE = Automatic;
				DEVELOPMENT_TEAM = FK6MK67AUJ;
				INFOPLIST_FILE = Prework/Info.plist;
				LD_RUNPATH_SEARCH_PATHS = (
					"$(inherited)",
					"@executable_path/Frameworks",
				);
				PRODUCT_BUNDLE_IDENTIFIER = memo.com.Prework;
				PRODUCT_NAME = "$(TARGET_NAME)";
				SWIFT_VERSION = 5.0;
				TARGETED_DEVICE_FAMILY = "1,2";
			};
			name = Debug;
		};
		5CEFF46A25BD28960013178C /* Release */ = {
			isa = XCBuildConfiguration;
			buildSettings = {
				ASSETCATALOG_COMPILER_APPICON_NAME = AppIcon;
				ASSETCATALOG_COMPILER_GLOBAL_ACCENT_COLOR_NAME = AccentColor;
				CODE_SIGN_STYLE = Automatic;
				DEVELOPMENT_TEAM = FK6MK67AUJ;
				INFOPLIST_FILE = Prework/Info.plist;
				LD_RUNPATH_SEARCH_PATHS = (
					"$(inherited)",
					"@executable_path/Frameworks",
				);
				PRODUCT_BUNDLE_IDENTIFIER = memo.com.Prework;
				PRODUCT_NAME = "$(TARGET_NAME)";
				SWIFT_VERSION = 5.0;
				TARGETED_DEVICE_FAMILY = "1,2";
			};
			name = Release;
		};
		5CEFF46C25BD28960013178C /* Debug */ = {
			isa = XCBuildConfiguration;
			buildSettings = {
				ALWAYS_EMBED_SWIFT_STANDARD_LIBRARIES = YES;
				BUNDLE_LOADER = "$(TEST_HOST)";
				CODE_SIGN_STYLE = Automatic;
				INFOPLIST_FILE = PreworkTests/Info.plist;
				IPHONEOS_DEPLOYMENT_TARGET = 14.3;
				LD_RUNPATH_SEARCH_PATHS = (
					"$(inherited)",
					"@executable_path/Frameworks",
					"@loader_path/Frameworks",
				);
				PRODUCT_BUNDLE_IDENTIFIER = memo.com.PreworkTests;
				PRODUCT_NAME = "$(TARGET_NAME)";
				SWIFT_VERSION = 5.0;
				TARGETED_DEVICE_FAMILY = "1,2";
				TEST_HOST = "$(BUILT_PRODUCTS_DIR)/Prework.app/Prework";
			};
			name = Debug;
		};
		5CEFF46D25BD28960013178C /* Release */ = {
			isa = XCBuildConfiguration;
			buildSettings = {
				ALWAYS_EMBED_SWIFT_STANDARD_LIBRARIES = YES;
				BUNDLE_LOADER = "$(TEST_HOST)";
				CODE_SIGN_STYLE = Automatic;
				INFOPLIST_FILE = PreworkTests/Info.plist;
				IPHONEOS_DEPLOYMENT_TARGET = 14.3;
				LD_RUNPATH_SEARCH_PATHS = (
					"$(inherited)",
					"@executable_path/Frameworks",
					"@loader_path/Frameworks",
				);
				PRODUCT_BUNDLE_IDENTIFIER = memo.com.PreworkTests;
				PRODUCT_NAME = "$(TARGET_NAME)";
				SWIFT_VERSION = 5.0;
				TARGETED_DEVICE_FAMILY = "1,2";
				TEST_HOST = "$(BUILT_PRODUCTS_DIR)/Prework.app/Prework";
			};
			name = Release;
		};
		5CEFF46F25BD28960013178C /* Debug */ = {
			isa = XCBuildConfiguration;
			buildSettings = {
				ALWAYS_EMBED_SWIFT_STANDARD_LIBRARIES = YES;
				CODE_SIGN_STYLE = Automatic;
				INFOPLIST_FILE = PreworkUITests/Info.plist;
				LD_RUNPATH_SEARCH_PATHS = (
					"$(inherited)",
					"@executable_path/Frameworks",
					"@loader_path/Frameworks",
				);
				PRODUCT_BUNDLE_IDENTIFIER = memo.com.PreworkUITests;
				PRODUCT_NAME = "$(TARGET_NAME)";
				SWIFT_VERSION = 5.0;
				TARGETED_DEVICE_FAMILY = "1,2";
				TEST_TARGET_NAME = Prework;
			};
			name = Debug;
		};
		5CEFF47025BD28960013178C /* Release */ = {
			isa = XCBuildConfiguration;
			buildSettings = {
				ALWAYS_EMBED_SWIFT_STANDARD_LIBRARIES = YES;
				CODE_SIGN_STYLE = Automatic;
				INFOPLIST_FILE = PreworkUITests/Info.plist;
				LD_RUNPATH_SEARCH_PATHS = (
					"$(inherited)",
					"@executable_path/Frameworks",
					"@loader_path/Frameworks",
				);
				PRODUCT_BUNDLE_IDENTIFIER = memo.com.PreworkUITests;
				PRODUCT_NAME = "$(TARGET_NAME)";
				SWIFT_VERSION = 5.0;
				TARGETED_DEVICE_FAMILY = "1,2";
				TEST_TARGET_NAME = Prework;
			};
			name = Release;
		};
/* End XCBuildConfiguration section */

/* Begin XCConfigurationList section */
		5CEFF43925BD288E0013178C /* Build configuration list for PBXProject "Prework" */ = {
			isa = XCConfigurationList;
			buildConfigurations = (
				5CEFF46625BD28960013178C /* Debug */,
				5CEFF46725BD28960013178C /* Release */,
			);
			defaultConfigurationIsVisible = 0;
			defaultConfigurationName = Release;
		};
		5CEFF46825BD28960013178C /* Build configuration list for PBXNativeTarget "Prework" */ = {
			isa = XCConfigurationList;
			buildConfigurations = (
				5CEFF46925BD28960013178C /* Debug */,
				5CEFF46A25BD28960013178C /* Release */,
			);
			defaultConfigurationIsVisible = 0;
			defaultConfigurationName = Release;
		};
		5CEFF46B25BD28960013178C /* Build configuration list for PBXNativeTarget "PreworkTests" */ = {
			isa = XCConfigurationList;
			buildConfigurations = (
				5CEFF46C25BD28960013178C /* Debug */,
				5CEFF46D25BD28960013178C /* Release */,
			);
			defaultConfigurationIsVisible = 0;
			defaultConfigurationName = Release;
		};
		5CEFF46E25BD28960013178C /* Build configuration list for PBXNativeTarget "PreworkUITests" */ = {
			isa = XCConfigurationList;
			buildConfigurations = (
				5CEFF46F25BD28960013178C /* Debug */,
				5CEFF47025BD28960013178C /* Release */,
			);
			defaultConfigurationIsVisible = 0;
			defaultConfigurationName = Release;
		};
/* End XCConfigurationList section */
	};
	rootObject = 5CEFF43625BD288E0013178C /* Project object */;
}
